PODS:
  - MarqueeLabel/Swift (3.1.4)
  - R.swift (4.0.0):
    - R.swift.Library (~> 4.0.0)
  - R.swift.Library (4.0.0)

DEPENDENCIES:
  - MarqueeLabel/Swift
  - R.swift

SPEC REPOS:
  https://github.com/cocoapods/specs.git:
    - MarqueeLabel
    - R.swift
    - R.swift.Library

SPEC CHECKSUMS:
  MarqueeLabel: bf768455fe88d427f71476ebb23f9092b660f40b
  R.swift: d6a5ec2f55a8441dc0ed9f1f8b37d7d11ae85c66
  R.swift.Library: c3af34921024333546e23b70e70d0b4e0cffca75

PODFILE CHECKSUM: 1d3b60e69d70a7ae0a9463307e0638ec8b310ea7

COCOAPODS: 1.5.3
