// !$*UTF8*$!
{
	archiveVersion = 1;
	classes = {
	};
	objectVersion = 46;
	objects = {

/* Begin PBXBuildFile section */
		2B0F908A1E922C460086B55C /* Question001.swift in Sources */ = {isa = PBXBuildFile; fileRef = 2B0F90891E922C460086B55C /* Question001.swift */; };
		2B0F908C1E9234110086B55C /* QuestionData.swift in Sources */ = {isa = PBXBuildFile; fileRef = 2B0F908B1E9234110086B55C /* QuestionData.swift */; };
		2B6EEF4C1ECE9488007B6268 /* Question009.swift in Sources */ = {isa = PBXBuildFile; fileRef = 2B6EEF4B1ECE9488007B6268 /* Question009.swift */; };
		2B6EEF4F1ECEA396007B6268 /* check.png in Resources */ = {isa = PBXBuildFile; fileRef = 2B6EEF4E1ECEA396007B6268 /* check.png */; };
		2B6EEF511ECEA4EB007B6268 /* question.png in Resources */ = {isa = PBXBuildFile; fileRef = 2B6EEF501ECEA4EB007B6268 /* question.png */; };
		2B6EEF531ECEC31B007B6268 /* Question006.swift in Sources */ = {isa = PBXBuildFile; fileRef = 2B6EEF521ECEC31B007B6268 /* Question006.swift */; };
		2B7A87561ECAD03F00017ACF /* Question002.swift in Sources */ = {isa = PBXBuildFile; fileRef = 2B7A87551ECAD03F00017ACF /* Question002.swift */; };
		2B7A87581ECAD74600017ACF /* QuestionBase.swift in Sources */ = {isa = PBXBuildFile; fileRef = 2B7A87571ECAD74600017ACF /* QuestionBase.swift */; };
		2B7A875A1ECADC8A00017ACF /* Question202.swift in Sources */ = {isa = PBXBuildFile; fileRef = 2B7A87591ECADC8A00017ACF /* Question202.swift */; };
		2BB114C11ED4335400E72317 /* Question014.swift in Sources */ = {isa = PBXBuildFile; fileRef = 2BB114C01ED4335400E72317 /* Question014.swift */; };
		2BC52DF11EC8B57500141861 /* R.generated.swift in Sources */ = {isa = PBXBuildFile; fileRef = 2BC52DF01EC8B57500141861 /* R.generated.swift */; };
		2BEFB3CD1ECD983100A93E3A /* Question007.swift in Sources */ = {isa = PBXBuildFile; fileRef = 2BEFB3CC1ECD983100A93E3A /* Question007.swift */; };
		480B09207E6380583ABFEED1 /* Pods_LeetcodeExercise.framework in Frameworks */ = {isa = PBXBuildFile; fileRef = 389CFC39CAA27BAC82524FA7 /* Pods_LeetcodeExercise.framework */; };
		CE2F32881E67B32300B7CAB7 /* AppDelegate.swift in Sources */ = {isa = PBXBuildFile; fileRef = CE2F32871E67B32300B7CAB7 /* AppDelegate.swift */; };
		CE2F328A1E67B32300B7CAB7 /* ViewController.swift in Sources */ = {isa = PBXBuildFile; fileRef = CE2F32891E67B32300B7CAB7 /* ViewController.swift */; };
		CE2F328D1E67B32300B7CAB7 /* Main.storyboard in Resources */ = {isa = PBXBuildFile; fileRef = CE2F328B1E67B32300B7CAB7 /* Main.storyboard */; };
		CE2F328F1E67B32300B7CAB7 /* Assets.xcassets in Resources */ = {isa = PBXBuildFile; fileRef = CE2F328E1E67B32300B7CAB7 /* Assets.xcassets */; };
		CE2F32921E67B32300B7CAB7 /* LaunchScreen.storyboard in Resources */ = {isa = PBXBuildFile; fileRef = CE2F32901E67B32300B7CAB7 /* LaunchScreen.storyboard */; };
		CE2F329D1E67B32300B7CAB7 /* LeetcodeExerciseTests.swift in Sources */ = {isa = PBXBuildFile; fileRef = CE2F329C1E67B32300B7CAB7 /* LeetcodeExerciseTests.swift */; };
		CE2F32A81E67B32300B7CAB7 /* LeetcodeExerciseUITests.swift in Sources */ = {isa = PBXBuildFile; fileRef = CE2F32A71E67B32300B7CAB7 /* LeetcodeExerciseUITests.swift */; };
		CE2F32B81E67C54300B7CAB7 /* DetailViewController.swift in Sources */ = {isa = PBXBuildFile; fileRef = CE2F32B71E67C54300B7CAB7 /* DetailViewController.swift */; };
		CE2F32BB1E67C92F00B7CAB7 /* ViewControllerCell.swift in Sources */ = {isa = PBXBuildFile; fileRef = CE2F32BA1E67C92F00B7CAB7 /* ViewControllerCell.swift */; };
		CE2F32BE1E67E90E00B7CAB7 /* QuestionInfo.swift in Sources */ = {isa = PBXBuildFile; fileRef = CE2F32BD1E67E90E00B7CAB7 /* QuestionInfo.swift */; };
		CE2F32C01E67EBF800B7CAB7 /* ViewModel.swift in Sources */ = {isa = PBXBuildFile; fileRef = CE2F32BF1E67EBF800B7CAB7 /* ViewModel.swift */; };
/* End PBXBuildFile section */

/* Begin PBXContainerItemProxy section */
		CE2F32991E67B32300B7CAB7 /* PBXContainerItemProxy */ = {
			isa = PBXContainerItemProxy;
			containerPortal = CE2F327C1E67B32300B7CAB7 /* Project object */;
			proxyType = 1;
			remoteGlobalIDString = CE2F32831E67B32300B7CAB7;
			remoteInfo = LeetcodeExercise;
		};
		CE2F32A41E67B32300B7CAB7 /* PBXContainerItemProxy */ = {
			isa = PBXContainerItemProxy;
			containerPortal = CE2F327C1E67B32300B7CAB7 /* Project object */;
			proxyType = 1;
			remoteGlobalIDString = CE2F32831E67B32300B7CAB7;
			remoteInfo = LeetcodeExercise;
		};
/* End PBXContainerItemProxy section */

/* Begin PBXFileReference section */
		2B0F90891E922C460086B55C /* Question001.swift */ = {isa = PBXFileReference; fileEncoding = 4; lastKnownFileType = sourcecode.swift; path = Question001.swift; sourceTree = "<group>"; };
		2B0F908B1E9234110086B55C /* QuestionData.swift */ = {isa = PBXFileReference; fileEncoding = 4; lastKnownFileType = sourcecode.swift; path = QuestionData.swift; sourceTree = "<group>"; };
		2B6EEF4B1ECE9488007B6268 /* Question009.swift */ = {isa = PBXFileReference; fileEncoding = 4; lastKnownFileType = sourcecode.swift; path = Question009.swift; sourceTree = "<group>"; };
		2B6EEF4E1ECEA396007B6268 /* check.png */ = {isa = PBXFileReference; lastKnownFileType = image.png; path = check.png; sourceTree = "<group>"; };
		2B6EEF501ECEA4EB007B6268 /* question.png */ = {isa = PBXFileReference; lastKnownFileType = image.png; path = question.png; sourceTree = "<group>"; };
		2B6EEF521ECEC31B007B6268 /* Question006.swift */ = {isa = PBXFileReference; fileEncoding = 4; lastKnownFileType = sourcecode.swift; path = Question006.swift; sourceTree = "<group>"; };
		2B7A87551ECAD03F00017ACF /* Question002.swift */ = {isa = PBXFileReference; fileEncoding = 4; lastKnownFileType = sourcecode.swift; path = Question002.swift; sourceTree = "<group>"; };
		2B7A87571ECAD74600017ACF /* QuestionBase.swift */ = {isa = PBXFileReference; fileEncoding = 4; lastKnownFileType = sourcecode.swift; path = QuestionBase.swift; sourceTree = "<group>"; };
		2B7A87591ECADC8A00017ACF /* Question202.swift */ = {isa = PBXFileReference; fileEncoding = 4; lastKnownFileType = sourcecode.swift; path = Question202.swift; sourceTree = "<group>"; };
		2BB114C01ED4335400E72317 /* Question014.swift */ = {isa = PBXFileReference; fileEncoding = 4; lastKnownFileType = sourcecode.swift; path = Question014.swift; sourceTree = "<group>"; };
		2BC52DF01EC8B57500141861 /* R.generated.swift */ = {isa = PBXFileReference; fileEncoding = 4; lastKnownFileType = sourcecode.swift; path = R.generated.swift; sourceTree = "<group>"; };
		2BEFB3CC1ECD983100A93E3A /* Question007.swift */ = {isa = PBXFileReference; fileEncoding = 4; lastKnownFileType = sourcecode.swift; path = Question007.swift; sourceTree = "<group>"; };
		389CFC39CAA27BAC82524FA7 /* Pods_LeetcodeExercise.framework */ = {isa = PBXFileReference; explicitFileType = wrapper.framework; includeInIndex = 0; path = Pods_LeetcodeExercise.framework; sourceTree = BUILT_PRODUCTS_DIR; };
		71880AE8EF5EF5BCD4FED555 /* Pods-LeetcodeExercise.release.xcconfig */ = {isa = PBXFileReference; includeInIndex = 1; lastKnownFileType = text.xcconfig; name = "Pods-LeetcodeExercise.release.xcconfig"; path = "Pods/Target Support Files/Pods-LeetcodeExercise/Pods-LeetcodeExercise.release.xcconfig"; sourceTree = "<group>"; };
		7447D1C0534022DB373A7EB2 /* Pods-LeetcodeExercise.debug.xcconfig */ = {isa = PBXFileReference; includeInIndex = 1; lastKnownFileType = text.xcconfig; name = "Pods-LeetcodeExercise.debug.xcconfig"; path = "Pods/Target Support Files/Pods-LeetcodeExercise/Pods-LeetcodeExercise.debug.xcconfig"; sourceTree = "<group>"; };
		CE2F32841E67B32300B7CAB7 /* LeetcodeExerciseSwift.app */ = {isa = PBXFileReference; explicitFileType = wrapper.application; includeInIndex = 0; path = LeetcodeExerciseSwift.app; sourceTree = BUILT_PRODUCTS_DIR; };
		CE2F32871E67B32300B7CAB7 /* AppDelegate.swift */ = {isa = PBXFileReference; lastKnownFileType = sourcecode.swift; path = AppDelegate.swift; sourceTree = "<group>"; };
		CE2F32891E67B32300B7CAB7 /* ViewController.swift */ = {isa = PBXFileReference; lastKnownFileType = sourcecode.swift; path = ViewController.swift; sourceTree = "<group>"; };
		CE2F328C1E67B32300B7CAB7 /* Base */ = {isa = PBXFileReference; lastKnownFileType = file.storyboard; name = Base; path = Base.lproj/Main.storyboard; sourceTree = "<group>"; };
		CE2F328E1E67B32300B7CAB7 /* Assets.xcassets */ = {isa = PBXFileReference; lastKnownFileType = folder.assetcatalog; path = Assets.xcassets; sourceTree = "<group>"; };
		CE2F32911E67B32300B7CAB7 /* Base */ = {isa = PBXFileReference; lastKnownFileType = file.storyboard; name = Base; path = Base.lproj/LaunchScreen.storyboard; sourceTree = "<group>"; };
		CE2F32931E67B32300B7CAB7 /* Info.plist */ = {isa = PBXFileReference; lastKnownFileType = text.plist.xml; path = Info.plist; sourceTree = "<group>"; };
		CE2F32981E67B32300B7CAB7 /* LeetcodeExerciseSwiftTests.xctest */ = {isa = PBXFileReference; explicitFileType = wrapper.cfbundle; includeInIndex = 0; path = LeetcodeExerciseSwiftTests.xctest; sourceTree = BUILT_PRODUCTS_DIR; };
		CE2F329C1E67B32300B7CAB7 /* LeetcodeExerciseTests.swift */ = {isa = PBXFileReference; lastKnownFileType = sourcecode.swift; path = LeetcodeExerciseTests.swift; sourceTree = "<group>"; };
		CE2F329E1E67B32300B7CAB7 /* Info.plist */ = {isa = PBXFileReference; lastKnownFileType = text.plist.xml; path = Info.plist; sourceTree = "<group>"; };
		CE2F32A31E67B32300B7CAB7 /* LeetcodeExerciseSwiftUITests.xctest */ = {isa = PBXFileReference; explicitFileType = wrapper.cfbundle; includeInIndex = 0; path = LeetcodeExerciseSwiftUITests.xctest; sourceTree = BUILT_PRODUCTS_DIR; };
		CE2F32A71E67B32300B7CAB7 /* LeetcodeExerciseUITests.swift */ = {isa = PBXFileReference; lastKnownFileType = sourcecode.swift; path = LeetcodeExerciseUITests.swift; sourceTree = "<group>"; };
		CE2F32A91E67B32300B7CAB7 /* Info.plist */ = {isa = PBXFileReference; lastKnownFileType = text.plist.xml; path = Info.plist; sourceTree = "<group>"; };
		CE2F32B71E67C54300B7CAB7 /* DetailViewController.swift */ = {isa = PBXFileReference; fileEncoding = 4; lastKnownFileType = sourcecode.swift; path = DetailViewController.swift; sourceTree = "<group>"; };
		CE2F32BA1E67C92F00B7CAB7 /* ViewControllerCell.swift */ = {isa = PBXFileReference; fileEncoding = 4; lastKnownFileType = sourcecode.swift; path = ViewControllerCell.swift; sourceTree = "<group>"; };
		CE2F32BD1E67E90E00B7CAB7 /* QuestionInfo.swift */ = {isa = PBXFileReference; fileEncoding = 4; lastKnownFileType = sourcecode.swift; path = QuestionInfo.swift; sourceTree = "<group>"; };
		CE2F32BF1E67EBF800B7CAB7 /* ViewModel.swift */ = {isa = PBXFileReference; fileEncoding = 4; lastKnownFileType = sourcecode.swift; path = ViewModel.swift; sourceTree = "<group>"; };
/* End PBXFileReference section */

/* Begin PBXFrameworksBuildPhase section */
		CE2F32811E67B32300B7CAB7 /* Frameworks */ = {
			isa = PBXFrameworksBuildPhase;
			buildActionMask = 2147483647;
			files = (
				480B09207E6380583ABFEED1 /* Pods_LeetcodeExercise.framework in Frameworks */,
			);
			runOnlyForDeploymentPostprocessing = 0;
		};
		CE2F32951E67B32300B7CAB7 /* Frameworks */ = {
			isa = PBXFrameworksBuildPhase;
			buildActionMask = 2147483647;
			files = (
			);
			runOnlyForDeploymentPostprocessing = 0;
		};
		CE2F32A01E67B32300B7CAB7 /* Frameworks */ = {
			isa = PBXFrameworksBuildPhase;
			buildActionMask = 2147483647;
			files = (
			);
			runOnlyForDeploymentPostprocessing = 0;
		};
/* End PBXFrameworksBuildPhase section */

/* Begin PBXGroup section */
		1DB619D5183662A5DC75E8E0 /* Frameworks */ = {
			isa = PBXGroup;
			children = (
				389CFC39CAA27BAC82524FA7 /* Pods_LeetcodeExercise.framework */,
			);
			name = Frameworks;
			sourceTree = "<group>";
		};
		2B0F90881E9229270086B55C /* Data */ = {
			isa = PBXGroup;
			children = (
				2B0F908B1E9234110086B55C /* QuestionData.swift */,
			);
			name = Data;
			sourceTree = "<group>";
		};
		2B6EEF4D1ECEA36B007B6268 /* Images */ = {
			isa = PBXGroup;
			children = (
				2B6EEF501ECEA4EB007B6268 /* question.png */,
				2B6EEF4E1ECEA396007B6268 /* check.png */,
			);
			name = Images;
			sourceTree = "<group>";
		};
		CE2F327B1E67B32300B7CAB7 = {
			isa = PBXGroup;
			children = (
				CE2F32861E67B32300B7CAB7 /* LeetcodeExercise */,
				CE2F329B1E67B32300B7CAB7 /* LeetcodeExerciseTests */,
				CE2F32A61E67B32300B7CAB7 /* LeetcodeExerciseUITests */,
				CE2F32851E67B32300B7CAB7 /* Products */,
				E641CBAF55E8D9B6B659C108 /* Pods */,
				1DB619D5183662A5DC75E8E0 /* Frameworks */,
			);
			sourceTree = "<group>";
		};
		CE2F32851E67B32300B7CAB7 /* Products */ = {
			isa = PBXGroup;
			children = (
				CE2F32841E67B32300B7CAB7 /* LeetcodeExerciseSwift.app */,
				CE2F32981E67B32300B7CAB7 /* LeetcodeExerciseSwiftTests.xctest */,
				CE2F32A31E67B32300B7CAB7 /* LeetcodeExerciseSwiftUITests.xctest */,
			);
			name = Products;
			sourceTree = "<group>";
		};
		CE2F32861E67B32300B7CAB7 /* LeetcodeExercise */ = {
			isa = PBXGroup;
			children = (
				2BC52DF01EC8B57500141861 /* R.generated.swift */,
				CE2F32871E67B32300B7CAB7 /* AppDelegate.swift */,
				CE2F328B1E67B32300B7CAB7 /* Main.storyboard */,
				CE2F32B91E67C79A00B7CAB7 /* UITableViewCell */,
				2B0F90881E9229270086B55C /* Data */,
				CE2F32BC1E67E8CC00B7CAB7 /* Info */,
				CE2F32B61E67C0B700B7CAB7 /* Model */,
				CE2F32B51E67C05700B7CAB7 /* ViewController */,
				CE2F328E1E67B32300B7CAB7 /* Assets.xcassets */,
				CE2F32901E67B32300B7CAB7 /* LaunchScreen.storyboard */,
				CE2F32931E67B32300B7CAB7 /* Info.plist */,
				2B6EEF4D1ECEA36B007B6268 /* Images */,
			);
			path = LeetcodeExercise;
			sourceTree = "<group>";
		};
		CE2F329B1E67B32300B7CAB7 /* LeetcodeExerciseTests */ = {
			isa = PBXGroup;
			children = (
				CE2F329C1E67B32300B7CAB7 /* LeetcodeExerciseTests.swift */,
				CE2F329E1E67B32300B7CAB7 /* Info.plist */,
			);
			path = LeetcodeExerciseTests;
			sourceTree = "<group>";
		};
		CE2F32A61E67B32300B7CAB7 /* LeetcodeExerciseUITests */ = {
			isa = PBXGroup;
			children = (
				CE2F32A71E67B32300B7CAB7 /* LeetcodeExerciseUITests.swift */,
				CE2F32A91E67B32300B7CAB7 /* Info.plist */,
			);
			path = LeetcodeExerciseUITests;
			sourceTree = "<group>";
		};
		CE2F32B51E67C05700B7CAB7 /* ViewController */ = {
			isa = PBXGroup;
			children = (
				CE2F32891E67B32300B7CAB7 /* ViewController.swift */,
				CE2F32B71E67C54300B7CAB7 /* DetailViewController.swift */,
			);
			name = ViewController;
			sourceTree = "<group>";
		};
		CE2F32B61E67C0B700B7CAB7 /* Model */ = {
			isa = PBXGroup;
			children = (
				CE2F32BF1E67EBF800B7CAB7 /* ViewModel.swift */,
				2B7A87571ECAD74600017ACF /* QuestionBase.swift */,
				2B0F90891E922C460086B55C /* Question001.swift */,
				2B7A87551ECAD03F00017ACF /* Question002.swift */,
				2B6EEF521ECEC31B007B6268 /* Question006.swift */,
				2BEFB3CC1ECD983100A93E3A /* Question007.swift */,
				2B6EEF4B1ECE9488007B6268 /* Question009.swift */,
				2BB114C01ED4335400E72317 /* Question014.swift */,
				2B7A87591ECADC8A00017ACF /* Question202.swift */,
			);
			name = Model;
			sourceTree = "<group>";
		};
		CE2F32B91E67C79A00B7CAB7 /* UITableViewCell */ = {
			isa = PBXGroup;
			children = (
				CE2F32BA1E67C92F00B7CAB7 /* ViewControllerCell.swift */,
			);
			name = UITableViewCell;
			sourceTree = "<group>";
		};
		CE2F32BC1E67E8CC00B7CAB7 /* Info */ = {
			isa = PBXGroup;
			children = (
				CE2F32BD1E67E90E00B7CAB7 /* QuestionInfo.swift */,
			);
			name = Info;
			sourceTree = "<group>";
		};
		E641CBAF55E8D9B6B659C108 /* Pods */ = {
			isa = PBXGroup;
			children = (
				7447D1C0534022DB373A7EB2 /* Pods-LeetcodeExercise.debug.xcconfig */,
				71880AE8EF5EF5BCD4FED555 /* Pods-LeetcodeExercise.release.xcconfig */,
			);
			name = Pods;
			sourceTree = "<group>";
		};
/* End PBXGroup section */

/* Begin PBXNativeTarget section */
		CE2F32831E67B32300B7CAB7 /* LeetcodeExerciseSwift */ = {
			isa = PBXNativeTarget;
			buildConfigurationList = CE2F32AC1E67B32300B7CAB7 /* Build configuration list for PBXNativeTarget "LeetcodeExerciseSwift" */;
			buildPhases = (
				B03C0847FC0731D808479E57 /* [CP] Check Pods Manifest.lock */,
				2BC52DEF1EC8B49B00141861 /* ShellScript */,
				CE2F32801E67B32300B7CAB7 /* Sources */,
				CE2F32811E67B32300B7CAB7 /* Frameworks */,
				CE2F32821E67B32300B7CAB7 /* Resources */,
				3C70F182B88EC808DB65D328 /* [CP] Embed Pods Frameworks */,
				855663B8BE724BA455C7A917 /* [CP] Copy Pods Resources */,
			);
			buildRules = (
			);
			dependencies = (
			);
			name = LeetcodeExerciseSwift;
			productName = LeetcodeExercise;
			productReference = CE2F32841E67B32300B7CAB7 /* LeetcodeExerciseSwift.app */;
			productType = "com.apple.product-type.application";
		};
		CE2F32971E67B32300B7CAB7 /* LeetcodeExerciseSwiftTests */ = {
			isa = PBXNativeTarget;
			buildConfigurationList = CE2F32AF1E67B32300B7CAB7 /* Build configuration list for PBXNativeTarget "LeetcodeExerciseSwiftTests" */;
			buildPhases = (
				CE2F32941E67B32300B7CAB7 /* Sources */,
				CE2F32951E67B32300B7CAB7 /* Frameworks */,
				CE2F32961E67B32300B7CAB7 /* Resources */,
			);
			buildRules = (
			);
			dependencies = (
				CE2F329A1E67B32300B7CAB7 /* PBXTargetDependency */,
			);
			name = LeetcodeExerciseSwiftTests;
			productName = LeetcodeExerciseTests;
			productReference = CE2F32981E67B32300B7CAB7 /* LeetcodeExerciseSwiftTests.xctest */;
			productType = "com.apple.product-type.bundle.unit-test";
		};
		CE2F32A21E67B32300B7CAB7 /* LeetcodeExerciseSwiftUITests */ = {
			isa = PBXNativeTarget;
			buildConfigurationList = CE2F32B21E67B32300B7CAB7 /* Build configuration list for PBXNativeTarget "LeetcodeExerciseSwiftUITests" */;
			buildPhases = (
				CE2F329F1E67B32300B7CAB7 /* Sources */,
				CE2F32A01E67B32300B7CAB7 /* Frameworks */,
				CE2F32A11E67B32300B7CAB7 /* Resources */,
			);
			buildRules = (
			);
			dependencies = (
				CE2F32A51E67B32300B7CAB7 /* PBXTargetDependency */,
			);
			name = LeetcodeExerciseSwiftUITests;
			productName = LeetcodeExerciseUITests;
			productReference = CE2F32A31E67B32300B7CAB7 /* LeetcodeExerciseSwiftUITests.xctest */;
			productType = "com.apple.product-type.bundle.ui-testing";
		};
/* End PBXNativeTarget section */

/* Begin PBXProject section */
		CE2F327C1E67B32300B7CAB7 /* Project object */ = {
			isa = PBXProject;
			attributes = {
				LastSwiftUpdateCheck = 0820;
				LastUpgradeCheck = 0830;
				ORGANIZATIONNAME = terryyamg;
				TargetAttributes = {
					CE2F32831E67B32300B7CAB7 = {
						CreatedOnToolsVersion = 8.2.1;
						DevelopmentTeam = 22WV979VRD;
						ProvisioningStyle = Automatic;
					};
					CE2F32971E67B32300B7CAB7 = {
						CreatedOnToolsVersion = 8.2.1;
						ProvisioningStyle = Automatic;
						TestTargetID = CE2F32831E67B32300B7CAB7;
					};
					CE2F32A21E67B32300B7CAB7 = {
						CreatedOnToolsVersion = 8.2.1;
						ProvisioningStyle = Automatic;
						TestTargetID = CE2F32831E67B32300B7CAB7;
					};
				};
			};
			buildConfigurationList = CE2F327F1E67B32300B7CAB7 /* Build configuration list for PBXProject "LeetcodeExerciseSwift" */;
			compatibilityVersion = "Xcode 3.2";
			developmentRegion = English;
			hasScannedForEncodings = 0;
			knownRegions = (
				en,
				Base,
			);
			mainGroup = CE2F327B1E67B32300B7CAB7;
			productRefGroup = CE2F32851E67B32300B7CAB7 /* Products */;
			projectDirPath = "";
			projectRoot = "";
			targets = (
				CE2F32831E67B32300B7CAB7 /* LeetcodeExerciseSwift */,
				CE2F32971E67B32300B7CAB7 /* LeetcodeExerciseSwiftTests */,
				CE2F32A21E67B32300B7CAB7 /* LeetcodeExerciseSwiftUITests */,
			);
		};
/* End PBXProject section */

/* Begin PBXResourcesBuildPhase section */
		CE2F32821E67B32300B7CAB7 /* Resources */ = {
			isa = PBXResourcesBuildPhase;
			buildActionMask = 2147483647;
			files = (
				2B6EEF511ECEA4EB007B6268 /* question.png in Resources */,
				CE2F32921E67B32300B7CAB7 /* LaunchScreen.storyboard in Resources */,
				CE2F328F1E67B32300B7CAB7 /* Assets.xcassets in Resources */,
				2B6EEF4F1ECEA396007B6268 /* check.png in Resources */,
				CE2F328D1E67B32300B7CAB7 /* Main.storyboard in Resources */,
			);
			runOnlyForDeploymentPostprocessing = 0;
		};
		CE2F32961E67B32300B7CAB7 /* Resources */ = {
			isa = PBXResourcesBuildPhase;
			buildActionMask = 2147483647;
			files = (
			);
			runOnlyForDeploymentPostprocessing = 0;
		};
		CE2F32A11E67B32300B7CAB7 /* Resources */ = {
			isa = PBXResourcesBuildPhase;
			buildActionMask = 2147483647;
			files = (
			);
			runOnlyForDeploymentPostprocessing = 0;
		};
/* End PBXResourcesBuildPhase section */

/* Begin PBXShellScriptBuildPhase section */
		2BC52DEF1EC8B49B00141861 /* ShellScript */ = {
			isa = PBXShellScriptBuildPhase;
			buildActionMask = 2147483647;
			files = (
			);
			inputPaths = (
			);
			outputPaths = (
			);
			runOnlyForDeploymentPostprocessing = 0;
			shellPath = /bin/sh;
			shellScript = "\"$PODS_ROOT/R.swift/rswift\" \"$SRCROOT/LeetcodeExercise\"";
		};
		3C70F182B88EC808DB65D328 /* [CP] Embed Pods Frameworks */ = {
			isa = PBXShellScriptBuildPhase;
			buildActionMask = 2147483647;
			files = (
			);
			inputPaths = (
			);
			name = "[CP] Embed Pods Frameworks";
			outputPaths = (
			);
			runOnlyForDeploymentPostprocessing = 0;
			shellPath = /bin/sh;
			shellScript = "\"${SRCROOT}/Pods/Target Support Files/Pods-LeetcodeExercise/Pods-LeetcodeExercise-frameworks.sh\"\n";
			showEnvVarsInLog = 0;
		};
		855663B8BE724BA455C7A917 /* [CP] Copy Pods Resources */ = {
			isa = PBXShellScriptBuildPhase;
			buildActionMask = 2147483647;
			files = (
			);
			inputPaths = (
			);
			name = "[CP] Copy Pods Resources";
			outputPaths = (
			);
			runOnlyForDeploymentPostprocessing = 0;
			shellPath = /bin/sh;
			shellScript = "\"${SRCROOT}/Pods/Target Support Files/Pods-LeetcodeExercise/Pods-LeetcodeExercise-resources.sh\"\n";
			showEnvVarsInLog = 0;
		};
		B03C0847FC0731D808479E57 /* [CP] Check Pods Manifest.lock */ = {
			isa = PBXShellScriptBuildPhase;
			buildActionMask = 2147483647;
			files = (
			);
			inputPaths = (
			);
			name = "[CP] Check Pods Manifest.lock";
			outputPaths = (
			);
			runOnlyForDeploymentPostprocessing = 0;
			shellPath = /bin/sh;
			shellScript = "diff \"${PODS_ROOT}/../Podfile.lock\" \"${PODS_ROOT}/Manifest.lock\" > /dev/null\nif [ $? != 0 ] ; then\n    # print error to STDERR\n    echo \"error: The sandbox is not in sync with the Podfile.lock. Run 'pod install' or update your CocoaPods installation.\" >&2\n    exit 1\nfi\n";
			showEnvVarsInLog = 0;
		};
/* End PBXShellScriptBuildPhase section */

/* Begin PBXSourcesBuildPhase section */
		CE2F32801E67B32300B7CAB7 /* Sources */ = {
			isa = PBXSourcesBuildPhase;
			buildActionMask = 2147483647;
			files = (
				2B7A875A1ECADC8A00017ACF /* Question202.swift in Sources */,
				2B7A87581ECAD74600017ACF /* QuestionBase.swift in Sources */,
				2BEFB3CD1ECD983100A93E3A /* Question007.swift in Sources */,
				CE2F32B81E67C54300B7CAB7 /* DetailViewController.swift in Sources */,
				CE2F32BE1E67E90E00B7CAB7 /* QuestionInfo.swift in Sources */,
				2BC52DF11EC8B57500141861 /* R.generated.swift in Sources */,
				CE2F328A1E67B32300B7CAB7 /* ViewController.swift in Sources */,
				2B0F908A1E922C460086B55C /* Question001.swift in Sources */,
				2B6EEF531ECEC31B007B6268 /* Question006.swift in Sources */,
				2BB114C11ED4335400E72317 /* Question014.swift in Sources */,
				CE2F32BB1E67C92F00B7CAB7 /* ViewControllerCell.swift in Sources */,
				CE2F32C01E67EBF800B7CAB7 /* ViewModel.swift in Sources */,
				CE2F32881E67B32300B7CAB7 /* AppDelegate.swift in Sources */,
				2B6EEF4C1ECE9488007B6268 /* Question009.swift in Sources */,
				2B7A87561ECAD03F00017ACF /* Question002.swift in Sources */,
				2B0F908C1E9234110086B55C /* QuestionData.swift in Sources */,
			);
			runOnlyForDeploymentPostprocessing = 0;
		};
		CE2F32941E67B32300B7CAB7 /* Sources */ = {
			isa = PBXSourcesBuildPhase;
			buildActionMask = 2147483647;
			files = (
				CE2F329D1E67B32300B7CAB7 /* LeetcodeExerciseTests.swift in Sources */,
			);
			runOnlyForDeploymentPostprocessing = 0;
		};
		CE2F329F1E67B32300B7CAB7 /* Sources */ = {
			isa = PBXSourcesBuildPhase;
			buildActionMask = 2147483647;
			files = (
				CE2F32A81E67B32300B7CAB7 /* LeetcodeExerciseUITests.swift in Sources */,
			);
			runOnlyForDeploymentPostprocessing = 0;
		};
/* End PBXSourcesBuildPhase section */

/* Begin PBXTargetDependency section */
		CE2F329A1E67B32300B7CAB7 /* PBXTargetDependency */ = {
			isa = PBXTargetDependency;
			target = CE2F32831E67B32300B7CAB7 /* LeetcodeExerciseSwift */;
			targetProxy = CE2F32991E67B32300B7CAB7 /* PBXContainerItemProxy */;
		};
		CE2F32A51E67B32300B7CAB7 /* PBXTargetDependency */ = {
			isa = PBXTargetDependency;
			target = CE2F32831E67B32300B7CAB7 /* LeetcodeExerciseSwift */;
			targetProxy = CE2F32A41E67B32300B7CAB7 /* PBXContainerItemProxy */;
		};
/* End PBXTargetDependency section */

/* Begin PBXVariantGroup section */
		CE2F328B1E67B32300B7CAB7 /* Main.storyboard */ = {
			isa = PBXVariantGroup;
			children = (
				CE2F328C1E67B32300B7CAB7 /* Base */,
			);
			name = Main.storyboard;
			sourceTree = "<group>";
		};
		CE2F32901E67B32300B7CAB7 /* LaunchScreen.storyboard */ = {
			isa = PBXVariantGroup;
			children = (
				CE2F32911E67B32300B7CAB7 /* Base */,
			);
			name = LaunchScreen.storyboard;
			sourceTree = "<group>";
		};
/* End PBXVariantGroup section */

/* Begin XCBuildConfiguration section */
		CE2F32AA1E67B32300B7CAB7 /* Debug */ = {
			isa = XCBuildConfiguration;
			buildSettings = {
				ALWAYS_SEARCH_USER_PATHS = NO;
				CLANG_ANALYZER_NONNULL = YES;
				CLANG_CXX_LANGUAGE_STANDARD = "gnu++0x";
				CLANG_CXX_LIBRARY = "libc++";
				CLANG_ENABLE_MODULES = YES;
				CLANG_ENABLE_OBJC_ARC = YES;
				CLANG_WARN_BOOL_CONVERSION = YES;
				CLANG_WARN_CONSTANT_CONVERSION = YES;
				CLANG_WARN_DIRECT_OBJC_ISA_USAGE = YES_ERROR;
				CLANG_WARN_DOCUMENTATION_COMMENTS = YES;
				CLANG_WARN_EMPTY_BODY = YES;
				CLANG_WARN_ENUM_CONVERSION = YES;
				CLANG_WARN_INFINITE_RECURSION = YES;
				CLANG_WARN_INT_CONVERSION = YES;
				CLANG_WARN_OBJC_ROOT_CLASS = YES_ERROR;
				CLANG_WARN_SUSPICIOUS_MOVE = YES;
				CLANG_WARN_UNREACHABLE_CODE = YES;
				CLANG_WARN__DUPLICATE_METHOD_MATCH = YES;
				"CODE_SIGN_IDENTITY[sdk=iphoneos*]" = "iPhone Developer";
				COPY_PHASE_STRIP = NO;
				DEBUG_INFORMATION_FORMAT = dwarf;
				ENABLE_STRICT_OBJC_MSGSEND = YES;
				ENABLE_TESTABILITY = YES;
				GCC_C_LANGUAGE_STANDARD = gnu99;
				GCC_DYNAMIC_NO_PIC = NO;
				GCC_NO_COMMON_BLOCKS = YES;
				GCC_OPTIMIZATION_LEVEL = 0;
				GCC_PREPROCESSOR_DEFINITIONS = (
					"DEBUG=1",
					"$(inherited)",
				);
				GCC_WARN_64_TO_32_BIT_CONVERSION = YES;
				GCC_WARN_ABOUT_RETURN_TYPE = YES_ERROR;
				GCC_WARN_UNDECLARED_SELECTOR = YES;
				GCC_WARN_UNINITIALIZED_AUTOS = YES_AGGRESSIVE;
				GCC_WARN_UNUSED_FUNCTION = YES;
				GCC_WARN_UNUSED_VARIABLE = YES;
				IPHONEOS_DEPLOYMENT_TARGET = 10.2;
				MTL_ENABLE_DEBUG_INFO = YES;
				ONLY_ACTIVE_ARCH = YES;
				SDKROOT = iphoneos;
				SWIFT_ACTIVE_COMPILATION_CONDITIONS = DEBUG;
				SWIFT_OPTIMIZATION_LEVEL = "-Onone";
				TARGETED_DEVICE_FAMILY = "1,2";
			};
			name = Debug;
		};
		CE2F32AB1E67B32300B7CAB7 /* Release */ = {
			isa = XCBuildConfiguration;
			buildSettings = {
				ALWAYS_SEARCH_USER_PATHS = NO;
				CLANG_ANALYZER_NONNULL = YES;
				CLANG_CXX_LANGUAGE_STANDARD = "gnu++0x";
				CLANG_CXX_LIBRARY = "libc++";
				CLANG_ENABLE_MODULES = YES;
				CLANG_ENABLE_OBJC_ARC = YES;
				CLANG_WARN_BOOL_CONVERSION = YES;
				CLANG_WARN_CONSTANT_CONVERSION = YES;
				CLANG_WARN_DIRECT_OBJC_ISA_USAGE = YES_ERROR;
				CLANG_WARN_DOCUMENTATION_COMMENTS = YES;
				CLANG_WARN_EMPTY_BODY = YES;
				CLANG_WARN_ENUM_CONVERSION = YES;
				CLANG_WARN_INFINITE_RECURSION = YES;
				CLANG_WARN_INT_CONVERSION = YES;
				CLANG_WARN_OBJC_ROOT_CLASS = YES_ERROR;
				CLANG_WARN_SUSPICIOUS_MOVE = YES;
				CLANG_WARN_UNREACHABLE_CODE = YES;
				CLANG_WARN__DUPLICATE_METHOD_MATCH = YES;
				"CODE_SIGN_IDENTITY[sdk=iphoneos*]" = "iPhone Developer";
				COPY_PHASE_STRIP = NO;
				DEBUG_INFORMATION_FORMAT = "dwarf-with-dsym";
				ENABLE_NS_ASSERTIONS = NO;
				ENABLE_STRICT_OBJC_MSGSEND = YES;
				GCC_C_LANGUAGE_STANDARD = gnu99;
				GCC_NO_COMMON_BLOCKS = YES;
				GCC_WARN_64_TO_32_BIT_CONVERSION = YES;
				GCC_WARN_ABOUT_RETURN_TYPE = YES_ERROR;
				GCC_WARN_UNDECLARED_SELECTOR = YES;
				GCC_WARN_UNINITIALIZED_AUTOS = YES_AGGRESSIVE;
				GCC_WARN_UNUSED_FUNCTION = YES;
				GCC_WARN_UNUSED_VARIABLE = YES;
				IPHONEOS_DEPLOYMENT_TARGET = 10.2;
				MTL_ENABLE_DEBUG_INFO = NO;
				SDKROOT = iphoneos;
				SWIFT_OPTIMIZATION_LEVEL = "-Owholemodule";
				TARGETED_DEVICE_FAMILY = "1,2";
				VALIDATE_PRODUCT = YES;
			};
			name = Release;
		};
		CE2F32AD1E67B32300B7CAB7 /* Debug */ = {
			isa = XCBuildConfiguration;
			baseConfigurationReference = 7447D1C0534022DB373A7EB2 /* Pods-LeetcodeExercise.debug.xcconfig */;
			buildSettings = {
				ALWAYS_EMBED_SWIFT_STANDARD_LIBRARIES = YES;
				ASSETCATALOG_COMPILER_APPICON_NAME = AppIcon;
				DEVELOPMENT_TEAM = 22WV979VRD;
				INFOPLIST_FILE = LeetcodeExercise/Info.plist;
				LD_RUNPATH_SEARCH_PATHS = "$(inherited) @executable_path/Frameworks";
				PRODUCT_BUNDLE_IDENTIFIER = terryyamg.LeetcodeExercise;
				PRODUCT_NAME = "$(TARGET_NAME)";
				SWIFT_VERSION = 3.0;
			};
			name = Debug;
		};
		CE2F32AE1E67B32300B7CAB7 /* Release */ = {
			isa = XCBuildConfiguration;
			baseConfigurationReference = 71880AE8EF5EF5BCD4FED555 /* Pods-LeetcodeExercise.release.xcconfig */;
			buildSettings = {
				ALWAYS_EMBED_SWIFT_STANDARD_LIBRARIES = YES;
				ASSETCATALOG_COMPILER_APPICON_NAME = AppIcon;
				DEVELOPMENT_TEAM = 22WV979VRD;
				INFOPLIST_FILE = LeetcodeExercise/Info.plist;
				LD_RUNPATH_SEARCH_PATHS = "$(inherited) @executable_path/Frameworks";
				PRODUCT_BUNDLE_IDENTIFIER = terryyamg.LeetcodeExercise;
				PRODUCT_NAME = "$(TARGET_NAME)";
				SWIFT_VERSION = 3.0;
			};
			name = Release;
		};
		CE2F32B01E67B32300B7CAB7 /* Debug */ = {
			isa = XCBuildConfiguration;
			buildSettings = {
				ALWAYS_EMBED_SWIFT_STANDARD_LIBRARIES = YES;
				BUNDLE_LOADER = "$(TEST_HOST)";
				INFOPLIST_FILE = LeetcodeExerciseTests/Info.plist;
				LD_RUNPATH_SEARCH_PATHS = "$(inherited) @executable_path/Frameworks @loader_path/Frameworks";
				PRODUCT_BUNDLE_IDENTIFIER = terryyamg.LeetcodeExerciseTests;
				PRODUCT_NAME = "$(TARGET_NAME)";
				SWIFT_VERSION = 3.0;
				TEST_HOST = "$(BUILT_PRODUCTS_DIR)/LeetcodeExerciseSwift.app/LeetcodeExerciseSwift";
			};
			name = Debug;
		};
		CE2F32B11E67B32300B7CAB7 /* Release */ = {
			isa = XCBuildConfiguration;
			buildSettings = {
				ALWAYS_EMBED_SWIFT_STANDARD_LIBRARIES = YES;
				BUNDLE_LOADER = "$(TEST_HOST)";
				INFOPLIST_FILE = LeetcodeExerciseTests/Info.plist;
				LD_RUNPATH_SEARCH_PATHS = "$(inherited) @executable_path/Frameworks @loader_path/Frameworks";
				PRODUCT_BUNDLE_IDENTIFIER = terryyamg.LeetcodeExerciseTests;
				PRODUCT_NAME = "$(TARGET_NAME)";
				SWIFT_VERSION = 3.0;
				TEST_HOST = "$(BUILT_PRODUCTS_DIR)/LeetcodeExerciseSwift.app/LeetcodeExerciseSwift";
			};
			name = Release;
		};
		CE2F32B31E67B32300B7CAB7 /* Debug */ = {
			isa = XCBuildConfiguration;
			buildSettings = {
				ALWAYS_EMBED_SWIFT_STANDARD_LIBRARIES = YES;
				INFOPLIST_FILE = LeetcodeExerciseUITests/Info.plist;
				LD_RUNPATH_SEARCH_PATHS = "$(inherited) @executable_path/Frameworks @loader_path/Frameworks";
				PRODUCT_BUNDLE_IDENTIFIER = terryyamg.LeetcodeExerciseUITests;
				PRODUCT_NAME = "$(TARGET_NAME)";
				SWIFT_VERSION = 3.0;
				TEST_TARGET_NAME = LeetcodeExercise;
			};
			name = Debug;
		};
		CE2F32B41E67B32300B7CAB7 /* Release */ = {
			isa = XCBuildConfiguration;
			buildSettings = {
				ALWAYS_EMBED_SWIFT_STANDARD_LIBRARIES = YES;
				INFOPLIST_FILE = LeetcodeExerciseUITests/Info.plist;
				LD_RUNPATH_SEARCH_PATHS = "$(inherited) @executable_path/Frameworks @loader_path/Frameworks";
				PRODUCT_BUNDLE_IDENTIFIER = terryyamg.LeetcodeExerciseUITests;
				PRODUCT_NAME = "$(TARGET_NAME)";
				SWIFT_VERSION = 3.0;
				TEST_TARGET_NAME = LeetcodeExercise;
			};
			name = Release;
		};
/* End XCBuildConfiguration section */

/* Begin XCConfigurationList section */
		CE2F327F1E67B32300B7CAB7 /* Build configuration list for PBXProject "LeetcodeExerciseSwift" */ = {
			isa = XCConfigurationList;
			buildConfigurations = (
				CE2F32AA1E67B32300B7CAB7 /* Debug */,
				CE2F32AB1E67B32300B7CAB7 /* Release */,
			);
			defaultConfigurationIsVisible = 0;
			defaultConfigurationName = Release;
		};
		CE2F32AC1E67B32300B7CAB7 /* Build configuration list for PBXNativeTarget "LeetcodeExerciseSwift" */ = {
			isa = XCConfigurationList;
			buildConfigurations = (
				CE2F32AD1E67B32300B7CAB7 /* Debug */,
				CE2F32AE1E67B32300B7CAB7 /* Release */,
			);
			defaultConfigurationIsVisible = 0;
			defaultConfigurationName = Release;
		};
		CE2F32AF1E67B32300B7CAB7 /* Build configuration list for PBXNativeTarget "LeetcodeExerciseSwiftTests" */ = {
			isa = XCConfigurationList;
			buildConfigurations = (
				CE2F32B01E67B32300B7CAB7 /* Debug */,
				CE2F32B11E67B32300B7CAB7 /* Release */,
			);
			defaultConfigurationIsVisible = 0;
			defaultConfigurationName = Release;
		};
		CE2F32B21E67B32300B7CAB7 /* Build configuration list for PBXNativeTarget "LeetcodeExerciseSwiftUITests" */ = {
			isa = XCConfigurationList;
			buildConfigurations = (
				CE2F32B31E67B32300B7CAB7 /* Debug */,
				CE2F32B41E67B32300B7CAB7 /* Release */,
			);
			defaultConfigurationIsVisible = 0;
			defaultConfigurationName = Release;
		};
/* End XCConfigurationList section */
	};
	rootObject = CE2F327C1E67B32300B7CAB7 /* Project object */;
}
